Microsoft Visual Studio Solution File, Format Version 12.00
# Visual Studio Version 17
VisualStudioVersion = 17.0.31710.8
MinimumVisualStudioVersion = 10.0.40219.1
Project("{2150E333-8FDC-42A3-9474-1A3956D46DE8}") = "Libs", "Libs", "{1DA74D59-599B-400F-8965-8D904D8FE2C5}"
EndProject
Project("{9A19103F-16F7-4668-BE54-9A1E7A4F7556}") = "BCrypt.Net", "CoolapkUWP\BCrypt.Net\BCrypt.Net.csproj", "{86DFEFB2-EB64-42EC-A407-2E5C7D4864C8}"
EndProject
Project("{FAE04EC0-301F-11D3-BF4B-00C04F79EFBC}") = "CoolapkUWP.Feature2", "CoolapkUWP\CoolapkUWP\CoolapkUWP.Feature2.csproj", "{C4F32E53-CC9E-4D94-9516-7E5BA5D829EB}"
EndProject
Project("{2150E333-8FDC-42A3-9474-1A3956D46DE8}") = "WindowsCommunityToolkit", "WindowsCommunityToolkit", "{4779752B-00FA-4870-B4B7-5A4A052E87D2}"
EndProject
Project("{9A19103F-16F7-4668-BE54-9A1E7A4F7556}") = "Microsoft.Toolkit.Uwp", "CoolapkUWP\WindowsCommunityToolkit\Microsoft.Toolkit.Uwp\Microsoft.Toolkit.Uwp.csproj", "{A50D881F-7442-4ED6-B137-FCBB82DDFB95}"
EndProject
Project("{9A19103F-16F7-4668-BE54-9A1E7A4F7556}") = "Microsoft.Toolkit.Uwp.Connectivity", "CoolapkUWP\WindowsCommunityToolkit\Microsoft.Toolkit.Uwp.Connectivity\Microsoft.Toolkit.Uwp.Connectivity.csproj", "{FEDC09C9-6E92-4676-87E1-BF492644DC40}"
EndProject
Project("{9A19103F-16F7-4668-BE54-9A1E7A4F7556}") = "Microsoft.Toolkit.Uwp.UI", "CoolapkUWP\WindowsCommunityToolkit\Microsoft.Toolkit.Uwp.UI\Microsoft.Toolkit.Uwp.UI.csproj", "{AD731F87-A0E3-4B6C-ADD9-EDC02B3B4ABE}"
EndProject
Project("{9A19103F-16F7-4668-BE54-9A1E7A4F7556}") = "Microsoft.Toolkit.Uwp.UI.Controls.Markdown", "CoolapkUWP\WindowsCommunityToolkit\Microsoft.Toolkit.Uwp.UI.Controls.Markdown\Microsoft.Toolkit.Uwp.UI.Controls.Markdown.csproj", "{3A5C5C2D-2493-415C-BDEB-2B6D97FFCBEE}"
EndProject
Project("{9A19103F-16F7-4668-BE54-9A1E7A4F7556}") = "Microsoft.Toolkit.Uwp.UI.Controls.Core", "CoolapkUWP\WindowsCommunityToolkit\Microsoft.Toolkit.Uwp.UI.Controls.Core\Microsoft.Toolkit.Uwp.UI.Controls.Core.csproj", "{7E63FD82-2598-46E3-B38F-57613EF74B51}"
EndProject
Project("{9A19103F-16F7-4668-BE54-9A1E7A4F7556}") = "Microsoft.Toolkit.Uwp.UI.Controls.Primitives", "CoolapkUWP\WindowsCommunityToolkit\Microsoft.Toolkit.Uwp.UI.Controls.Primitives\Microsoft.Toolkit.Uwp.UI.Controls.Primitives.csproj", "{6F7F3CDD-D85D-41B6-A9FD-5E72C3CF5292}"
EndProject
Global
	GlobalSection(SolutionConfigurationPlatforms) = preSolution
		Debug|ARM = Debug|ARM
		Debug|ARM64 = Debug|ARM64
		Debug|x64 = Debug|x64
		Debug|x86 = Debug|x86
		Release|ARM = Release|ARM
		Release|ARM64 = Release|ARM64
		Release|x64 = Release|x64
		Release|x86 = Release|x86
	EndGlobalSection
	GlobalSection(ProjectConfigurationPlatforms) = postSolution
		{86DFEFB2-EB64-42EC-A407-2E5C7D4864C8}.Debug|ARM.ActiveCfg = Debug|Any CPU
		{86DFEFB2-EB64-42EC-A407-2E5C7D4864C8}.Debug|ARM.Build.0 = Debug|Any CPU
		{86DFEFB2-EB64-42EC-A407-2E5C7D4864C8}.Debug|ARM64.ActiveCfg = Debug|Any CPU
		{86DFEFB2-EB64-42EC-A407-2E5C7D4864C8}.Debug|ARM64.Build.0 = Debug|Any CPU
		{86DFEFB2-EB64-42EC-A407-2E5C7D4864C8}.Debug|x64.ActiveCfg = Debug|Any CPU
		{86DFEFB2-EB64-42EC-A407-2E5C7D4864C8}.Debug|x64.Build.0 = Debug|Any CPU
		{86DFEFB2-EB64-42EC-A407-2E5C7D4864C8}.Debug|x86.ActiveCfg = Debug|Any CPU
		{86DFEFB2-EB64-42EC-A407-2E5C7D4864C8}.Debug|x86.Build.0 = Debug|Any CPU
		{86DFEFB2-EB64-42EC-A407-2E5C7D4864C8}.Release|ARM.ActiveCfg = Release|Any CPU
		{86DFEFB2-EB64-42EC-A407-2E5C7D4864C8}.Release|ARM.Build.0 = Release|Any CPU
		{86DFEFB2-EB64-42EC-A407-2E5C7D4864C8}.Release|ARM64.ActiveCfg = Release|Any CPU
		{86DFEFB2-EB64-42EC-A407-2E5C7D4864C8}.Release|ARM64.Build.0 = Release|Any CPU
		{86DFEFB2-EB64-42EC-A407-2E5C7D4864C8}.Release|x64.ActiveCfg = Release|Any CPU
		{86DFEFB2-EB64-42EC-A407-2E5C7D4864C8}.Release|x64.Build.0 = Release|Any CPU
		{86DFEFB2-EB64-42EC-A407-2E5C7D4864C8}.Release|x86.ActiveCfg = Release|Any CPU
		{86DFEFB2-EB64-42EC-A407-2E5C7D4864C8}.Release|x86.Build.0 = Release|Any CPU
		{C4F32E53-CC9E-4D94-9516-7E5BA5D829EB}.Debug|ARM.ActiveCfg = Debug|ARM
		{C4F32E53-CC9E-4D94-9516-7E5BA5D829EB}.Debug|ARM.Build.0 = Debug|ARM
		{C4F32E53-CC9E-4D94-9516-7E5BA5D829EB}.Debug|ARM.Deploy.0 = Debug|ARM
		{C4F32E53-CC9E-4D94-9516-7E5BA5D829EB}.Debug|ARM64.ActiveCfg = Debug|ARM64
		{C4F32E53-CC9E-4D94-9516-7E5BA5D829EB}.Debug|ARM64.Build.0 = Debug|ARM64
		{C4F32E53-CC9E-4D94-9516-7E5BA5D829EB}.Debug|ARM64.Deploy.0 = Debug|ARM64
		{C4F32E53-CC9E-4D94-9516-7E5BA5D829EB}.Debug|x64.ActiveCfg = Debug|x64
		{C4F32E53-CC9E-4D94-9516-7E5BA5D829EB}.Debug|x64.Build.0 = Debug|x64
		{C4F32E53-CC9E-4D94-9516-7E5BA5D829EB}.Debug|x64.Deploy.0 = Debug|x64
		{C4F32E53-CC9E-4D94-9516-7E5BA5D829EB}.Debug|x86.ActiveCfg = Debug|x86
		{C4F32E53-CC9E-4D94-9516-7E5BA5D829EB}.Debug|x86.Build.0 = Debug|x86
		{C4F32E53-CC9E-4D94-9516-7E5BA5D829EB}.Debug|x86.Deploy.0 = Debug|x86
		{C4F32E53-CC9E-4D94-9516-7E5BA5D829EB}.Release|ARM.ActiveCfg = Release|ARM
		{C4F32E53-CC9E-4D94-9516-7E5BA5D829EB}.Release|ARM.Build.0 = Release|ARM
		{C4F32E53-CC9E-4D94-9516-7E5BA5D829EB}.Release|ARM.Deploy.0 = Release|ARM
		{C4F32E53-CC9E-4D94-9516-7E5BA5D829EB}.Release|ARM64.ActiveCfg = Release|ARM64
		{C4F32E53-CC9E-4D94-9516-7E5BA5D829EB}.Release|ARM64.Build.0 = Release|ARM64
		{C4F32E53-CC9E-4D94-9516-7E5BA5D829EB}.Release|ARM64.Deploy.0 = Release|ARM64
		{C4F32E53-CC9E-4D94-9516-7E5BA5D829EB}.Release|x64.ActiveCfg = Release|x64
		{C4F32E53-CC9E-4D94-9516-7E5BA5D829EB}.Release|x64.Build.0 = Release|x64
		{C4F32E53-CC9E-4D94-9516-7E5BA5D829EB}.Release|x64.Deploy.0 = Release|x64
		{C4F32E53-CC9E-4D94-9516-7E5BA5D829EB}.Release|x86.ActiveCfg = Release|x86
		{C4F32E53-CC9E-4D94-9516-7E5BA5D829EB}.Release|x86.Build.0 = Release|x86
		{C4F32E53-CC9E-4D94-9516-7E5BA5D829EB}.Release|x86.Deploy.0 = Release|x86
		{A50D881F-7442-4ED6-B137-FCBB82DDFB95}.Debug|ARM.ActiveCfg = Debug|Any CPU
		{A50D881F-7442-4ED6-B137-FCBB82DDFB95}.Debug|ARM.Build.0 = Debug|Any CPU
		{A50D881F-7442-4ED6-B137-FCBB82DDFB95}.Debug|ARM64.ActiveCfg = Debug|Any CPU
		{A50D881F-7442-4ED6-B137-FCBB82DDFB95}.Debug|ARM64.Build.0 = Debug|Any CPU
		{A50D881F-7442-4ED6-B137-FCBB82DDFB95}.Debug|x64.ActiveCfg = Debug|Any CPU
		{A50D881F-7442-4ED6-B137-FCBB82DDFB95}.Debug|x64.Build.0 = Debug|Any CPU
		{A50D881F-7442-4ED6-B137-FCBB82DDFB95}.Debug|x86.ActiveCfg = Debug|Any CPU
		{A50D881F-7442-4ED6-B137-FCBB82DDFB95}.Debug|x86.Build.0 = Debug|Any CPU
		{A50D881F-7442-4ED6-B137-FCBB82DDFB95}.Release|ARM.ActiveCfg = Release|Any CPU
		{A50D881F-7442-4ED6-B137-FCBB82DDFB95}.Release|ARM.Build.0 = Release|Any CPU
		{A50D881F-7442-4ED6-B137-FCBB82DDFB95}.Release|ARM64.ActiveCfg = Release|Any CPU
		{A50D881F-7442-4ED6-B137-FCBB82DDFB95}.Release|ARM64.Build.0 = Release|Any CPU
		{A50D881F-7442-4ED6-B137-FCBB82DDFB95}.Release|x64.ActiveCfg = Release|Any CPU
		{A50D881F-7442-4ED6-B137-FCBB82DDFB95}.Release|x64.Build.0 = Release|Any CPU
		{A50D881F-7442-4ED6-B137-FCBB82DDFB95}.Release|x86.ActiveCfg = Release|Any CPU
		{A50D881F-7442-4ED6-B137-FCBB82DDFB95}.Release|x86.Build.0 = Release|Any CPU
		{FEDC09C9-6E92-4676-87E1-BF492644DC40}.Debug|ARM.ActiveCfg = Debug|Any CPU
		{FEDC09C9-6E92-4676-87E1-BF492644DC40}.Debug|ARM.Build.0 = Debug|Any CPU
		{FEDC09C9-6E92-4676-87E1-BF492644DC40}.Debug|ARM64.ActiveCfg = Debug|Any CPU
		{FEDC09C9-6E92-4676-87E1-BF492644DC40}.Debug|ARM64.Build.0 = Debug|Any CPU
		{FEDC09C9-6E92-4676-87E1-BF492644DC40}.Debug|x64.ActiveCfg = Debug|Any CPU
		{FEDC09C9-6E92-4676-87E1-BF492644DC40}.Debug|x64.Build.0 = Debug|Any CPU
		{FEDC09C9-6E92-4676-87E1-BF492644DC40}.Debug|x86.ActiveCfg = Debug|Any CPU
		{FEDC09C9-6E92-4676-87E1-BF492644DC40}.Debug|x86.Build.0 = Debug|Any CPU
		{FEDC09C9-6E92-4676-87E1-BF492644DC40}.Release|ARM.ActiveCfg = Release|Any CPU
		{FEDC09C9-6E92-4676-87E1-BF492644DC40}.Release|ARM.Build.0 = Release|Any CPU
		{FEDC09C9-6E92-4676-87E1-BF492644DC40}.Release|ARM64.ActiveCfg = Release|Any CPU
		{FEDC09C9-6E92-4676-87E1-BF492644DC40}.Release|ARM64.Build.0 = Release|Any CPU
		{FEDC09C9-6E92-4676-87E1-BF492644DC40}.Release|x64.ActiveCfg = Release|Any CPU
		{FEDC09C9-6E92-4676-87E1-BF492644DC40}.Release|x64.Build.0 = Release|Any CPU
		{FEDC09C9-6E92-4676-87E1-BF492644DC40}.Release|x86.ActiveCfg = Release|Any CPU
		{FEDC09C9-6E92-4676-87E1-BF492644DC40}.Release|x86.Build.0 = Release|Any CPU
		{AD731F87-A0E3-4B6C-ADD9-EDC02B3B4ABE}.Debug|ARM.ActiveCfg = Debug|Any CPU
		{AD731F87-A0E3-4B6C-ADD9-EDC02B3B4ABE}.Debug|ARM.Build.0 = Debug|Any CPU
		{AD731F87-A0E3-4B6C-ADD9-EDC02B3B4ABE}.Debug|ARM64.ActiveCfg = Debug|Any CPU
		{AD731F87-A0E3-4B6C-ADD9-EDC02B3B4ABE}.Debug|ARM64.Build.0 = Debug|Any CPU
		{AD731F87-A0E3-4B6C-ADD9-EDC02B3B4ABE}.Debug|x64.ActiveCfg = Debug|Any CPU
		{AD731F87-A0E3-4B6C-ADD9-EDC02B3B4ABE}.Debug|x64.Build.0 = Debug|Any CPU
		{AD731F87-A0E3-4B6C-ADD9-EDC02B3B4ABE}.Debug|x86.ActiveCfg = Debug|Any CPU
		{AD731F87-A0E3-4B6C-ADD9-EDC02B3B4ABE}.Debug|x86.Build.0 = Debug|Any CPU
		{AD731F87-A0E3-4B6C-ADD9-EDC02B3B4ABE}.Release|ARM.ActiveCfg = Release|Any CPU
		{AD731F87-A0E3-4B6C-ADD9-EDC02B3B4ABE}.Release|ARM.Build.0 = Release|Any CPU
		{AD731F87-A0E3-4B6C-ADD9-EDC02B3B4ABE}.Release|ARM64.ActiveCfg = Release|Any CPU
		{AD731F87-A0E3-4B6C-ADD9-EDC02B3B4ABE}.Release|ARM64.Build.0 = Release|Any CPU
		{AD731F87-A0E3-4B6C-ADD9-EDC02B3B4ABE}.Release|x64.ActiveCfg = Release|Any CPU
		{AD731F87-A0E3-4B6C-ADD9-EDC02B3B4ABE}.Release|x64.Build.0 = Release|Any CPU
		{AD731F87-A0E3-4B6C-ADD9-EDC02B3B4ABE}.Release|x86.ActiveCfg = Release|Any CPU
		{AD731F87-A0E3-4B6C-ADD9-EDC02B3B4ABE}.Release|x86.Build.0 = Release|Any CPU
		{3A5C5C2D-2493-415C-BDEB-2B6D97FFCBEE}.Debug|ARM.ActiveCfg = Debug|Any CPU
		{3A5C5C2D-2493-415C-BDEB-2B6D97FFCBEE}.Debug|ARM.Build.0 = Debug|Any CPU
		{3A5C5C2D-2493-415C-BDEB-2B6D97FFCBEE}.Debug|ARM64.ActiveCfg = Debug|Any CPU
		{3A5C5C2D-2493-415C-BDEB-2B6D97FFCBEE}.Debug|ARM64.Build.0 = Debug|Any CPU
		{3A5C5C2D-2493-415C-BDEB-2B6D97FFCBEE}.Debug|x64.ActiveCfg = Debug|Any CPU
		{3A5C5C2D-2493-415C-BDEB-2B6D97FFCBEE}.Debug|x64.Build.0 = Debug|Any CPU
		{3A5C5C2D-2493-415C-BDEB-2B6D97FFCBEE}.Debug|x86.ActiveCfg = Debug|Any CPU
		{3A5C5C2D-2493-415C-BDEB-2B6D97FFCBEE}.Debug|x86.Build.0 = Debug|Any CPU
		{3A5C5C2D-2493-415C-BDEB-2B6D97FFCBEE}.Release|ARM.ActiveCfg = Release|Any CPU
		{3A5C5C2D-2493-415C-BDEB-2B6D97FFCBEE}.Release|ARM.Build.0 = Release|Any CPU
		{3A5C5C2D-2493-415C-BDEB-2B6D97FFCBEE}.Release|ARM64.ActiveCfg = Release|Any CPU
		{3A5C5C2D-2493-415C-BDEB-2B6D97FFCBEE}.Release|ARM64.Build.0 = Release|Any CPU
		{3A5C5C2D-2493-415C-BDEB-2B6D97FFCBEE}.Release|x64.ActiveCfg = Release|Any CPU
		{3A5C5C2D-2493-415C-BDEB-2B6D97FFCBEE}.Release|x64.Build.0 = Release|Any CPU
		{3A5C5C2D-2493-415C-BDEB-2B6D97FFCBEE}.Release|x86.ActiveCfg = Release|Any CPU
		{3A5C5C2D-2493-415C-BDEB-2B6D97FFCBEE}.Release|x86.Build.0 = Release|Any CPU
		{7E63FD82-2598-46E3-B38F-57613EF74B51}.Debug|ARM.ActiveCfg = Debug|Any CPU
		{7E63FD82-2598-46E3-B38F-57613EF74B51}.Debug|ARM.Build.0 = Debug|Any CPU
		{7E63FD82-2598-46E3-B38F-57613EF74B51}.Debug|ARM64.ActiveCfg = Debug|Any CPU
		{7E63FD82-2598-46E3-B38F-57613EF74B51}.Debug|ARM64.Build.0 = Debug|Any CPU
		{7E63FD82-2598-46E3-B38F-57613EF74B51}.Debug|x64.ActiveCfg = Debug|Any CPU
		{7E63FD82-2598-46E3-B38F-57613EF74B51}.Debug|x64.Build.0 = Debug|Any CPU
		{7E63FD82-2598-46E3-B38F-57613EF74B51}.Debug|x86.ActiveCfg = Debug|Any CPU
		{7E63FD82-2598-46E3-B38F-57613EF74B51}.Debug|x86.Build.0 = Debug|Any CPU
		{7E63FD82-2598-46E3-B38F-57613EF74B51}.Release|ARM.ActiveCfg = Release|Any CPU
		{7E63FD82-2598-46E3-B38F-57613EF74B51}.Release|ARM.Build.0 = Release|Any CPU
		{7E63FD82-2598-46E3-B38F-57613EF74B51}.Release|ARM64.ActiveCfg = Release|Any CPU
		{7E63FD82-2598-46E3-B38F-57613EF74B51}.Release|ARM64.Build.0 = Release|Any CPU
		{7E63FD82-2598-46E3-B38F-57613EF74B51}.Release|x64.ActiveCfg = Release|Any CPU
		{7E63FD82-2598-46E3-B38F-57613EF74B51}.Release|x64.Build.0 = Release|Any CPU
		{7E63FD82-2598-46E3-B38F-57613EF74B51}.Release|x86.ActiveCfg = Release|Any CPU
		{7E63FD82-2598-46E3-B38F-57613EF74B51}.Release|x86.Build.0 = Release|Any CPU
		{6F7F3CDD-D85D-41B6-A9FD-5E72C3CF5292}.Debug|ARM.ActiveCfg = Debug|Any CPU
		{6F7F3CDD-D85D-41B6-A9FD-5E72C3CF5292}.Debug|ARM.Build.0 = Debug|Any CPU
		{6F7F3CDD-D85D-41B6-A9FD-5E72C3CF5292}.Debug|ARM64.ActiveCfg = Debug|Any CPU
		{6F7F3CDD-D85D-41B6-A9FD-5E72C3CF5292}.Debug|ARM64.Build.0 = Debug|Any CPU
		{6F7F3CDD-D85D-41B6-A9FD-5E72C3CF5292}.Debug|x64.ActiveCfg = Debug|Any CPU
		{6F7F3CDD-D85D-41B6-A9FD-5E72C3CF5292}.Debug|x64.Build.0 = Debug|Any CPU
		{6F7F3CDD-D85D-41B6-A9FD-5E72C3CF5292}.Debug|x86.ActiveCfg = Debug|Any CPU
		{6F7F3CDD-D85D-41B6-A9FD-5E72C3CF5292}.Debug|x86.Build.0 = Debug|Any CPU
		{6F7F3CDD-D85D-41B6-A9FD-5E72C3CF5292}.Release|ARM.ActiveCfg = Release|Any CPU
		{6F7F3CDD-D85D-41B6-A9FD-5E72C3CF5292}.Release|ARM.Build.0 = Release|Any CPU
		{6F7F3CDD-D85D-41B6-A9FD-5E72C3CF5292}.Release|ARM64.ActiveCfg = Release|Any CPU
		{6F7F3CDD-D85D-41B6-A9FD-5E72C3CF5292}.Release|ARM64.Build.0 = Release|Any CPU
		{6F7F3CDD-D85D-41B6-A9FD-5E72C3CF5292}.Release|x64.ActiveCfg = Release|Any CPU
		{6F7F3CDD-D85D-41B6-A9FD-5E72C3CF5292}.Release|x64.Build.0 = Release|Any CPU
		{6F7F3CDD-D85D-41B6-A9FD-5E72C3CF5292}.Release|x86.ActiveCfg = Release|Any CPU
		{6F7F3CDD-D85D-41B6-A9FD-5E72C3CF5292}.Release|x86.Build.0 = Release|Any CPU
	EndGlobalSection
	GlobalSection(SolutionProperties) = preSolution
		HideSolutionNode = FALSE
	EndGlobalSection
	GlobalSection(NestedProjects) = preSolution
		{86DFEFB2-EB64-42EC-A407-2E5C7D4864C8} = {1DA74D59-599B-400F-8965-8D904D8FE2C5}
		{4779752B-00FA-4870-B4B7-5A4A052E87D2} = {1DA74D59-599B-400F-8965-8D904D8FE2C5}
		{A50D881F-7442-4ED6-B137-FCBB82DDFB95} = {4779752B-00FA-4870-B4B7-5A4A052E87D2}
		{FEDC09C9-6E92-4676-87E1-BF492644DC40} = {4779752B-00FA-4870-B4B7-5A4A052E87D2}
		{AD731F87-A0E3-4B6C-ADD9-EDC02B3B4ABE} = {4779752B-00FA-4870-B4B7-5A4A052E87D2}
		{3A5C5C2D-2493-415C-BDEB-2B6D97FFCBEE} = {4779752B-00FA-4870-B4B7-5A4A052E87D2}
		{7E63FD82-2598-46E3-B38F-57613EF74B51} = {4779752B-00FA-4870-B4B7-5A4A052E87D2}
		{6F7F3CDD-D85D-41B6-A9FD-5E72C3CF5292} = {4779752B-00FA-4870-B4B7-5A4A052E87D2}
	EndGlobalSection
	GlobalSection(ExtensibilityGlobals) = postSolution
		SolutionGuid = {4ED51FC6-A7A1-4263-827F-DDA91E5FF80A}
	EndGlobalSection
EndGlobal
