
Microsoft Visual Studio Solution File, Format Version 12.00
# Visual Studio 15
VisualStudioVersion = 15.0.26430.16
MinimumVisualStudioVersion = 10.0.40219.1
Project("{FAE04EC0-301F-11D3-BF4B-00C04F79EFBC}") = "酷安 UWP", "酷安 UWP\酷安 UWP.csproj", "{C770F8CE-4188-4D93-80CB-DACAC2F94D95}"
EndProject
Global
	GlobalSection(SolutionConfigurationPlatforms) = preSolution
		Debug|ARM = Debug|ARM
		Debug|x64 = Debug|x64
		Debug|x86 = Debug|x86
		Release|ARM = Release|ARM
		Release|x64 = Release|x64
		Release|x86 = Release|x86
	EndGlobalSection
	GlobalSection(ProjectConfigurationPlatforms) = postSolution
		{C770F8CE-4188-4D93-80CB-DACAC2F94D95}.Debug|ARM.ActiveCfg = Debug|ARM
		{C770F8CE-4188-4D93-80CB-DACAC2F94D95}.Debug|ARM.Build.0 = Debug|ARM
		{C770F8CE-4188-4D93-80CB-DACAC2F94D95}.Debug|ARM.Deploy.0 = Debug|ARM
		{C770F8CE-4188-4D93-80CB-DACAC2F94D95}.Debug|x64.ActiveCfg = Debug|x64
		{C770F8CE-4188-4D93-80CB-DACAC2F94D95}.Debug|x64.Build.0 = Debug|x64
		{C770F8CE-4188-4D93-80CB-DACAC2F94D95}.Debug|x64.Deploy.0 = Debug|x64
		{C770F8CE-4188-4D93-80CB-DACAC2F94D95}.Debug|x86.ActiveCfg = Debug|x86
		{C770F8CE-4188-4D93-80CB-DACAC2F94D95}.Debug|x86.Build.0 = Debug|x86
		{C770F8CE-4188-4D93-80CB-DACAC2F94D95}.Debug|x86.Deploy.0 = Debug|x86
		{C770F8CE-4188-4D93-80CB-DACAC2F94D95}.Release|ARM.ActiveCfg = Release|ARM
		{C770F8CE-4188-4D93-80CB-DACAC2F94D95}.Release|ARM.Build.0 = Release|ARM
		{C770F8CE-4188-4D93-80CB-DACAC2F94D95}.Release|ARM.Deploy.0 = Release|ARM
		{C770F8CE-4188-4D93-80CB-DACAC2F94D95}.Release|x64.ActiveCfg = Release|x64
		{C770F8CE-4188-4D93-80CB-DACAC2F94D95}.Release|x64.Build.0 = Release|x64
		{C770F8CE-4188-4D93-80CB-DACAC2F94D95}.Release|x64.Deploy.0 = Release|x64
		{C770F8CE-4188-4D93-80CB-DACAC2F94D95}.Release|x86.ActiveCfg = Release|x86
		{C770F8CE-4188-4D93-80CB-DACAC2F94D95}.Release|x86.Build.0 = Release|x86
		{C770F8CE-4188-4D93-80CB-DACAC2F94D95}.Release|x86.Deploy.0 = Release|x86
	EndGlobalSection
	GlobalSection(SolutionProperties) = preSolution
		HideSolutionNode = FALSE
	EndGlobalSection
EndGlobal
